
Microsoft Visual Studio Solution File, Format Version 12.00
# Visual Studio Version 16
VisualStudioVersion = 16.0.30330.147
MinimumVisualStudioVersion = 10.0.40219.1
Project("{FAE04EC0-301F-11D3-BF4B-00C04F79EFBC}") = "RSA", "RSA\RSA.csproj", "{8FC2FE9E-F59C-4F23-A472-0A1CAD35C649}"
EndProject
Global
	GlobalSection(SolutionConfigurationPlatforms) = preSolution
		Debug|Any CPU = Debug|Any CPU
		Release|Any CPU = Release|Any CPU
	EndGlobalSection
	GlobalSection(ProjectConfigurationPlatforms) = postSolution
		{8FC2FE9E-F59C-4F23-A472-0A1CAD35C649}.Debug|Any CPU.ActiveCfg = Debug|Any CPU
		{8FC2FE9E-F59C-4F23-A472-0A1CAD35C649}.Debug|Any CPU.Build.0 = Debug|Any CPU
		{8FC2FE9E-F59C-4F23-A472-0A1CAD35C649}.Release|Any CPU.ActiveCfg = Release|Any CPU
		{8FC2FE9E-F59C-4F23-A472-0A1CAD35C649}.Release|Any CPU.Build.0 = Release|Any CPU
	EndGlobalSection
	GlobalSection(SolutionProperties) = preSolution
		HideSolutionNode = FALSE
	EndGlobalSection
	GlobalSection(ExtensibilityGlobals) = postSolution
		SolutionGuid = {362E94F4-F4AA-4A70-A84C-AB8188BB2E65}
	EndGlobalSection
EndGlobal
